
Microsoft Visual Studio Solution File, Format Version 12.00
# Visual Studio Version 16
VisualStudioVersion = 16.0.31019.35
MinimumVisualStudioVersion = 10.0.40219.1
Project("{FAE04EC0-301F-11D3-BF4B-00C04F79EFBC}") = "TestLocation", "TestLocation\TestLocation.csproj", "{BED8F91E-2B40-48A7-B937-E1FA92CD48C6}"
EndProject
Global
	GlobalSection(SolutionConfigurationPlatforms) = preSolution
		Debug|Any CPU = Debug|Any CPU
		Release|Any CPU = Release|Any CPU
	EndGlobalSection
	GlobalSection(ProjectConfigurationPlatforms) = postSolution
		{BED8F91E-2B40-48A7-B937-E1FA92CD48C6}.Debug|Any CPU.ActiveCfg = Debug|Any CPU
		{BED8F91E-2B40-48A7-B937-E1FA92CD48C6}.Debug|Any CPU.Build.0 = Debug|Any CPU
		{BED8F91E-2B40-48A7-B937-E1FA92CD48C6}.Release|Any CPU.ActiveCfg = Release|Any CPU
		{BED8F91E-2B40-48A7-B937-E1FA92CD48C6}.Release|Any CPU.Build.0 = Release|Any CPU
	EndGlobalSection
	GlobalSection(SolutionProperties) = preSolution
		HideSolutionNode = FALSE
	EndGlobalSection
	GlobalSection(ExtensibilityGlobals) = postSolution
		SolutionGuid = {46D1D744-23C9-4AF6-BC3C-3748B71964F7}
	EndGlobalSection
EndGlobal
